%{
  "bandit": {:hex, :bandit, "1.6.0", "9cb6c67c27cecab2d0c93968cb957fa8decccb7275193c8bf33f97397b3ac25d", [:mix], [{:hpax, "~> 1.0", [hex: :hpax, repo: "hexpm", optional: false]}, {:plug, "~> 1.14", [hex: :plug, repo: "hexpm", optional: false]}, {:telemetry, "~> 0.4 or ~> 1.0", [hex: :telemetry, repo: "hexpm", optional: false]}, {:thousand_island, "~> 1.0", [hex: :thousand_island, repo: "hexpm", optional: false]}, {:websock, "~> 0.5", [hex: :websock, repo: "hexpm", optional: false]}], "hexpm", "fd2491e564a7c5e11ff8496ebf530c342c742452c59de17ac0fb1f814a0ab01a"},
  "cachex": {:hex, :cachex, "3.6.0", "14a1bfbeee060dd9bec25a5b6f4e4691e3670ebda28c8ba2884b12fe30b36bf8", [:mix], [{:eternal, "~> 1.2", [hex: :eternal, repo: "hexpm", optional: false]}, {:jumper, "~> 1.0", [hex: :jumper, repo: "hexpm", optional: false]}, {:sleeplocks, "~> 1.1", [hex: :sleeplocks, repo: "hexpm", optional: false]}, {:unsafe, "~> 1.0", [hex: :unsafe, repo: "hexpm", optional: false]}], "hexpm", "ebf24e373883bc8e0c8d894a63bbe102ae13d918f790121f5cfe6e485cc8e2e2"},
  "castore": {:hex, :castore, "1.0.10", "43bbeeac820f16c89f79721af1b3e092399b3a1ecc8df1a472738fd853574911", [:mix], [], "hexpm", "1b0b7ea14d889d9ea21202c43a4fa015eb913021cb535e8ed91946f4b77a8848"},
  "cc_precompiler": {:hex, :cc_precompiler, "0.1.10", "47c9c08d8869cf09b41da36538f62bc1abd3e19e41701c2cea2675b53c704258", [:mix], [{:elixir_make, "~> 0.7", [hex: :elixir_make, repo: "hexpm", optional: false]}], "hexpm", "f6e046254e53cd6b41c6bacd70ae728011aa82b2742a80d6e2214855c6e06b22"},
  "dns_cluster": {:hex, :dns_cluster, "0.1.3", "0bc20a2c88ed6cc494f2964075c359f8c2d00e1bf25518a6a6c7fd277c9b0c66", [:mix], [], "hexpm", "46cb7c4a1b3e52c7ad4cbe33ca5079fbde4840dedeafca2baf77996c2da1bc33"},
  "duckdbex": {:hex, :duckdbex, "0.3.8", "672b5509a2ec10c4b14183acc3cee79bb63b8ac456fbbe245011853740010758", [:make, :mix], [{:cc_precompiler, "~> 0.1", [hex: :cc_precompiler, repo: "hexpm", optional: false]}, {:elixir_make, "~> 0.8", [hex: :elixir_make, repo: "hexpm", optional: false]}], "hexpm", "46d99160f5bfec56b4bbf415c5e927c020f28463a801a3c009533c5b2a17a047"},
  "elixir_make": {:hex, :elixir_make, "0.9.0", "6484b3cd8c0cee58f09f05ecaf1a140a8c97670671a6a0e7ab4dc326c3109726", [:mix], [], "hexpm", "db23d4fd8b757462ad02f8aa73431a426fe6671c80b200d9710caf3d1dd0ffdb"},
  "elixir_uuid": {:hex, :elixir_uuid, "1.2.1", "dce506597acb7e6b0daeaff52ff6a9043f5919a4c3315abb4143f0b00378c097", [:mix], [], "hexpm", "f7eba2ea6c3555cea09706492716b0d87397b88946e6380898c2889d68585752"},
  "esbuild": {:hex, :esbuild, "0.8.2", "5f379dfa383ef482b738e7771daf238b2d1cfb0222bef9d3b20d4c8f06c7a7ac", [:mix], [{:castore, ">= 0.0.0", [hex: :castore, repo: "hexpm", optional: false]}, {:jason, "~> 1.4", [hex: :jason, repo: "hexpm", optional: false]}], "hexpm", "558a8a08ed78eb820efbfda1de196569d8bfa9b51e8371a1934fbb31345feda7"},
  "eternal": {:hex, :eternal, "1.2.2", "d1641c86368de99375b98d183042dd6c2b234262b8d08dfd72b9eeaafc2a1abd", [:mix], [], "hexpm", "2c9fe32b9c3726703ba5e1d43a1d255a4f3f2d8f8f9bc19f094c7cb1a7a9e782"},
  "expo": {:hex, :expo, "1.1.0", "f7b9ed7fb5745ebe1eeedf3d6f29226c5dd52897ac67c0f8af62a07e661e5c75", [:mix], [], "hexpm", "fbadf93f4700fb44c331362177bdca9eeb8097e8b0ef525c9cc501cb9917c960"},
  "file_system": {:hex, :file_system, "1.0.1", "79e8ceaddb0416f8b8cd02a0127bdbababe7bf4a23d2a395b983c1f8b3f73edd", [:mix], [], "hexpm", "4414d1f38863ddf9120720cd976fce5bdde8e91d8283353f0e31850fa89feb9e"},
  "floki": {:hex, :floki, "0.36.3", "1102f93b16a55bc5383b85ae3ec470f82dee056eaeff9195e8afdf0ef2a43c30", [:mix], [], "hexpm", "fe0158bff509e407735f6d40b3ee0d7deb47f3f3ee7c6c182ad28599f9f6b27a"},
  "gettext": {:hex, :gettext, "0.26.2", "5978aa7b21fada6deabf1f6341ddba50bc69c999e812211903b169799208f2a8", [:mix], [{:expo, "~> 0.5.1 or ~> 1.0", [hex: :expo, repo: "hexpm", optional: false]}], "hexpm", "aa978504bcf76511efdc22d580ba08e2279caab1066b76bb9aa81c4a1e0a32a5"},
  "heroicons": {:git, "https://github.com/tailwindlabs/heroicons.git", "88ab3a0d790e6a47404cba02800a6b25d2afae50", [tag: "v2.1.1", sparse: "optimized", depth: 1]},
  "hpax": {:hex, :hpax, "1.0.0", "28dcf54509fe2152a3d040e4e3df5b265dcb6cb532029ecbacf4ce52caea3fd2", [:mix], [], "hexpm", "7f1314731d711e2ca5fdc7fd361296593fc2542570b3105595bb0bc6d0fad601"},
  "jason": {:hex, :jason, "1.4.4", "b9226785a9aa77b6857ca22832cffa5d5011a667207eb2a0ad56adb5db443b8a", [:mix], [{:decimal, "~> 1.0 or ~> 2.0", [hex: :decimal, repo: "hexpm", optional: true]}], "hexpm", "c5eb0cab91f094599f94d55bc63409236a8ec69a21a67814529e8d5f6cc90b3b"},
  "jumper": {:hex, :jumper, "1.0.2", "68cdcd84472a00ac596b4e6459a41b3062d4427cbd4f1e8c8793c5b54f1406a7", [:mix], [], "hexpm", "9b7782409021e01ab3c08270e26f36eb62976a38c1aa64b2eaf6348422f165e1"},
  "live_react": {:hex, :live_react, "0.1.0", "5b406ee4108125f833938c52d7a0eb4611854d421e9a345def5cca450711dfe8", [:mix], [{:jason, "~> 1.2", [hex: :jason, repo: "hexpm", optional: false]}, {:phoenix, ">= 1.7.0", [hex: :phoenix, repo: "hexpm", optional: false]}, {:phoenix_html, ">= 3.3.1", [hex: :phoenix_html, repo: "hexpm", optional: false]}, {:phoenix_live_view, ">= 0.18.0", [hex: :phoenix_live_view, repo: "hexpm", optional: false]}], "hexpm", "1d499253bcaf8f4391454b96af3abfff6cdd35ef99b1104edf6c802e06726050"},
  "mime": {:hex, :mime, "2.0.6", "8f18486773d9b15f95f4f4f1e39b710045fa1de891fada4516559967276e4dc2", [:mix], [], "hexpm", "c9945363a6b26d747389aac3643f8e0e09d30499a138ad64fe8fd1d13d9b153e"},
  "phoenix": {:hex, :phoenix, "1.7.14", "a7d0b3f1bc95987044ddada111e77bd7f75646a08518942c72a8440278ae7825", [:mix], [{:castore, ">= 0.0.0", [hex: :castore, repo: "hexpm", optional: false]}, {:jason, "~> 1.0", [hex: :jason, repo: "hexpm", optional: true]}, {:phoenix_pubsub, "~> 2.1", [hex: :phoenix_pubsub, repo: "hexpm", optional: false]}, {:phoenix_template, "~> 1.0", [hex: :phoenix_template, repo: "hexpm", optional: false]}, {:phoenix_view, "~> 2.0", [hex: :phoenix_view, repo: "hexpm", optional: true]}, {:plug, "~> 1.14", [hex: :plug, repo: "hexpm", optional: false]}, {:plug_cowboy, "~> 2.7", [hex: :plug_cowboy, repo: "hexpm", optional: true]}, {:plug_crypto, "~> 1.2 or ~> 2.0", [hex: :plug_crypto, repo: "hexpm", optional: false]}, {:telemetry, "~> 0.4 or ~> 1.0", [hex: :telemetry, repo: "hexpm", optional: false]}, {:websock_adapter, "~> 0.5.3", [hex: :websock_adapter, repo: "hexpm", optional: false]}], "hexpm", "c7859bc56cc5dfef19ecfc240775dae358cbaa530231118a9e014df392ace61a"},
  "phoenix_html": {:hex, :phoenix_html, "4.1.1", "4c064fd3873d12ebb1388425a8f2a19348cef56e7289e1998e2d2fa758aa982e", [:mix], [], "hexpm", "f2f2df5a72bc9a2f510b21497fd7d2b86d932ec0598f0210fed4114adc546c6f"},
  "phoenix_live_reload": {:hex, :phoenix_live_reload, "1.5.3", "f2161c207fda0e4fb55165f650f7f8db23f02b29e3bff00ff7ef161d6ac1f09d", [:mix], [{:file_system, "~> 0.3 or ~> 1.0", [hex: :file_system, repo: "hexpm", optional: false]}, {:phoenix, "~> 1.4", [hex: :phoenix, repo: "hexpm", optional: false]}], "hexpm", "b4ec9cd73cb01ff1bd1cac92e045d13e7030330b74164297d1aee3907b54803c"},
  "phoenix_live_view": {:hex, :phoenix_live_view, "1.0.0-rc.7", "d2abca526422adea88896769529addb6443390b1d4f1ff9cbe694312d8875fb2", [:mix], [{:floki, "~> 0.36", [hex: :floki, repo: "hexpm", optional: true]}, {:jason, "~> 1.0", [hex: :jason, repo: "hexpm", optional: true]}, {:phoenix, "~> 1.6.15 or ~> 1.7.0", [hex: :phoenix, repo: "hexpm", optional: false]}, {:phoenix_html, "~> 3.3 or ~> 4.0", [hex: :phoenix_html, repo: "hexpm", optional: false]}, {:phoenix_template, "~> 1.0", [hex: :phoenix_template, repo: "hexpm", optional: false]}, {:phoenix_view, "~> 2.0", [hex: :phoenix_view, repo: "hexpm", optional: true]}, {:plug, "~> 1.15", [hex: :plug, repo: "hexpm", optional: false]}, {:telemetry, "~> 0.4.2 or ~> 1.0", [hex: :telemetry, repo: "hexpm", optional: false]}], "hexpm", "b82a4575f6f3eb5b97922ec6874b0c52b3ca0cc5dcb4b14ddc478cbfa135dd01"},
  "phoenix_pubsub": {:hex, :phoenix_pubsub, "2.1.3", "3168d78ba41835aecad272d5e8cd51aa87a7ac9eb836eabc42f6e57538e3731d", [:mix], [], "hexpm", "bba06bc1dcfd8cb086759f0edc94a8ba2bc8896d5331a1e2c2902bf8e36ee502"},
  "phoenix_template": {:hex, :phoenix_template, "1.0.4", "e2092c132f3b5e5b2d49c96695342eb36d0ed514c5b252a77048d5969330d639", [:mix], [{:phoenix_html, "~> 2.14.2 or ~> 3.0 or ~> 4.0", [hex: :phoenix_html, repo: "hexpm", optional: true]}], "hexpm", "2c0c81f0e5c6753faf5cca2f229c9709919aba34fab866d3bc05060c9c444206"},
  "plug": {:hex, :plug, "1.16.1", "40c74619c12f82736d2214557dedec2e9762029b2438d6d175c5074c933edc9d", [:mix], [{:mime, "~> 1.0 or ~> 2.0", [hex: :mime, repo: "hexpm", optional: false]}, {:plug_crypto, "~> 1.1.1 or ~> 1.2 or ~> 2.0", [hex: :plug_crypto, repo: "hexpm", optional: false]}, {:telemetry, "~> 0.4.3 or ~> 1.0", [hex: :telemetry, repo: "hexpm", optional: false]}], "hexpm", "a13ff6b9006b03d7e33874945b2755253841b238c34071ed85b0e86057f8cddc"},
  "plug_crypto": {:hex, :plug_crypto, "2.1.0", "f44309c2b06d249c27c8d3f65cfe08158ade08418cf540fd4f72d4d6863abb7b", [:mix], [], "hexpm", "131216a4b030b8f8ce0f26038bc4421ae60e4bb95c5cf5395e1421437824c4fa"},
  "sleeplocks": {:hex, :sleeplocks, "1.1.3", "96a86460cc33b435c7310dbd27ec82ca2c1f24ae38e34f8edde97f756503441a", [:rebar3], [], "hexpm", "d3b3958552e6eb16f463921e70ae7c767519ef8f5be46d7696cc1ed649421321"},
  "tailwind": {:hex, :tailwind, "0.2.4", "5706ec47182d4e7045901302bf3a333e80f3d1af65c442ba9a9eed152fb26c2e", [:mix], [{:castore, ">= 0.0.0", [hex: :castore, repo: "hexpm", optional: false]}], "hexpm", "c6e4a82b8727bab593700c998a4d98cf3d8025678bfde059aed71d0000c3e463"},
  "telemetry": {:hex, :telemetry, "1.3.0", "fedebbae410d715cf8e7062c96a1ef32ec22e764197f70cda73d82778d61e7a2", [:rebar3], [], "hexpm", "7015fc8919dbe63764f4b4b87a95b7c0996bd539e0d499be6ec9d7f3875b79e6"},
  "telemetry_metrics": {:hex, :telemetry_metrics, "1.0.0", "29f5f84991ca98b8eb02fc208b2e6de7c95f8bb2294ef244a176675adc7775df", [:mix], [{:telemetry, "~> 0.4 or ~> 1.0", [hex: :telemetry, repo: "hexpm", optional: false]}], "hexpm", "f23713b3847286a534e005126d4c959ebcca68ae9582118ce436b521d1d47d5d"},
  "telemetry_poller": {:hex, :telemetry_poller, "1.1.0", "58fa7c216257291caaf8d05678c8d01bd45f4bdbc1286838a28c4bb62ef32999", [:rebar3], [{:telemetry, "~> 1.0", [hex: :telemetry, repo: "hexpm", optional: false]}], "hexpm", "9eb9d9cbfd81cbd7cdd24682f8711b6e2b691289a0de6826e58452f28c103c8f"},
  "thousand_island": {:hex, :thousand_island, "1.3.6", "835a626a8a6f6a1e681b63e1132a8427e87ce443aaf4888fbf63b2df77539b97", [:mix], [{:telemetry, "~> 0.4 or ~> 1.0", [hex: :telemetry, repo: "hexpm", optional: false]}], "hexpm", "0ed8798084c8c49a223840b20598b022e4eb8c9f390fb6701864c307fc9aa2cd"},
  "unsafe": {:hex, :unsafe, "1.0.2", "23c6be12f6c1605364801f4b47007c0c159497d0446ad378b5cf05f1855c0581", [:mix], [], "hexpm", "b485231683c3ab01a9cd44cb4a79f152c6f3bb87358439c6f68791b85c2df675"},
  "websock": {:hex, :websock, "0.5.3", "2f69a6ebe810328555b6fe5c831a851f485e303a7c8ce6c5f675abeb20ebdadc", [:mix], [], "hexpm", "6105453d7fac22c712ad66fab1d45abdf049868f253cf719b625151460b8b453"},
  "websock_adapter": {:hex, :websock_adapter, "0.5.8", "3b97dc94e407e2d1fc666b2fb9acf6be81a1798a2602294aac000260a7c4a47d", [:mix], [{:bandit, ">= 0.6.0", [hex: :bandit, repo: "hexpm", optional: true]}, {:plug, "~> 1.14", [hex: :plug, repo: "hexpm", optional: false]}, {:plug_cowboy, "~> 2.6", [hex: :plug_cowboy, repo: "hexpm", optional: true]}, {:websock, "~> 0.5", [hex: :websock, repo: "hexpm", optional: false]}], "hexpm", "315b9a1865552212b5f35140ad194e67ce31af45bcee443d4ecb96b5fd3f3782"},
}
